
Microsoft Visual Studio Solution File, Format Version 12.00
# Visual Studio Version 17
VisualStudioVersion = 17.7.34031.279
MinimumVisualStudioVersion = 10.0.40219.1
Project("{FAE04EC0-301F-11D3-BF4B-00C04F79EFBC}") = "Module1.pr", "Module1.pr\Module1.pr.csproj", "{5AE3351E-EC6D-4138-9F7F-8A6E5444DE2A}"
EndProject
Global
	GlobalSection(SolutionConfigurationPlatforms) = preSolution
		Debug|Any CPU = Debug|Any CPU
		Release|Any CPU = Release|Any CPU
	EndGlobalSection
	GlobalSection(ProjectConfigurationPlatforms) = postSolution
		{5AE3351E-EC6D-4138-9F7F-8A6E5444DE2A}.Debug|Any CPU.ActiveCfg = Debug|Any CPU
		{5AE3351E-EC6D-4138-9F7F-8A6E5444DE2A}.Debug|Any CPU.Build.0 = Debug|Any CPU
		{5AE3351E-EC6D-4138-9F7F-8A6E5444DE2A}.Release|Any CPU.ActiveCfg = Release|Any CPU
		{5AE3351E-EC6D-4138-9F7F-8A6E5444DE2A}.Release|Any CPU.Build.0 = Release|Any CPU
	EndGlobalSection
	GlobalSection(SolutionProperties) = preSolution
		HideSolutionNode = FALSE
	EndGlobalSection
	GlobalSection(ExtensibilityGlobals) = postSolution
		SolutionGuid = {EA97EBF4-5EB8-4D6A-AB2A-3A2A6B1E77ED}
	EndGlobalSection
EndGlobal
